
Microsoft Visual Studio Solution File, Format Version 12.00
# Visual Studio Version 17
VisualStudioVersion = 17.5.33530.505
MinimumVisualStudioVersion = 10.0.40219.1
Project("{FAE04EC0-301F-11D3-BF4B-00C04F79EFBC}") = "Estaticos", "Estaticos\Estaticos.csproj", "{381D04BE-8F36-491A-AEBA-D0FF5F06D72A}"
EndProject
Global
	GlobalSection(SolutionConfigurationPlatforms) = preSolution
		Debug|Any CPU = Debug|Any CPU
		Release|Any CPU = Release|Any CPU
	EndGlobalSection
	GlobalSection(ProjectConfigurationPlatforms) = postSolution
		{381D04BE-8F36-491A-AEBA-D0FF5F06D72A}.Debug|Any CPU.ActiveCfg = Debug|Any CPU
		{381D04BE-8F36-491A-AEBA-D0FF5F06D72A}.Debug|Any CPU.Build.0 = Debug|Any CPU
		{381D04BE-8F36-491A-AEBA-D0FF5F06D72A}.Release|Any CPU.ActiveCfg = Release|Any CPU
		{381D04BE-8F36-491A-AEBA-D0FF5F06D72A}.Release|Any CPU.Build.0 = Release|Any CPU
	EndGlobalSection
	GlobalSection(SolutionProperties) = preSolution
		HideSolutionNode = FALSE
	EndGlobalSection
	GlobalSection(ExtensibilityGlobals) = postSolution
		SolutionGuid = {1484CFC3-DB56-4500-9D27-34E0FABE521C}
	EndGlobalSection
EndGlobal
