
Microsoft Visual Studio Solution File, Format Version 12.00
# Visual Studio Version 17
VisualStudioVersion = 17.5.33530.505
MinimumVisualStudioVersion = 10.0.40219.1
Project("{FAE04EC0-301F-11D3-BF4B-00C04F79EFBC}") = "Interfaces", "Interfaces\Interfaces.csproj", "{1BD7F949-3F50-4BF2-BEEE-1E1C0A978B75}"
EndProject
Global
	GlobalSection(SolutionConfigurationPlatforms) = preSolution
		Debug|Any CPU = Debug|Any CPU
		Release|Any CPU = Release|Any CPU
	EndGlobalSection
	GlobalSection(ProjectConfigurationPlatforms) = postSolution
		{1BD7F949-3F50-4BF2-BEEE-1E1C0A978B75}.Debug|Any CPU.ActiveCfg = Debug|Any CPU
		{1BD7F949-3F50-4BF2-BEEE-1E1C0A978B75}.Debug|Any CPU.Build.0 = Debug|Any CPU
		{1BD7F949-3F50-4BF2-BEEE-1E1C0A978B75}.Release|Any CPU.ActiveCfg = Release|Any CPU
		{1BD7F949-3F50-4BF2-BEEE-1E1C0A978B75}.Release|Any CPU.Build.0 = Release|Any CPU
	EndGlobalSection
	GlobalSection(SolutionProperties) = preSolution
		HideSolutionNode = FALSE
	EndGlobalSection
	GlobalSection(ExtensibilityGlobals) = postSolution
		SolutionGuid = {13047597-E634-489C-AA58-E9C9C129A6A5}
	EndGlobalSection
EndGlobal
